{
  "name": "chess",
  "version": "1.0.0",
  "lockfileVersion": 1,
  "requires": true,
  "dependencies": {
    "gen2015-07": {
      "version": "file:my_modules/gen2015-07",
      "integrity": "sha1-Q2JyRL5F1brWk62FyMVcJlxrwS4=",
      "requires": {
        "es5-shim": "^4.1.10",
        "type_checker": "^1.0.0"
      },
      "dependencies": {
        "es5-shim": {
          "version": "4.1.10",
          "bundled": true
        }
      }
    },
    "type_checker": {
      "version": "file:.mynpm/type_checker",
      "integrity": "sha1-oQ1e3Ybv/rVpLVYsBBfFbFLj32I="
    }
  }
}
