{
  "name": "gen2015-07",
  "version": "1.0.0",
  "lockfileVersion": 1,
  "requires": true,
  "dependencies": {
    "es5-shim": {
      "version": "4.5.12",
      "resolved": "https://registry.npmjs.org/es5-shim/-/es5-shim-4.5.12.tgz",
      "integrity": "sha512-MjoCAHE6P2Dirme70Cxd9i2Ng8rhXiaVSsxDWdSwimfLERJL/ypR2ed2rTYkeeYrMk8gq281dzKLiGcdrmc8qg=="
    },
    "type_checker": {
      "version": "file:../type_checker",
      "integrity": "sha1-oQ1e3Ybv/rVpLVYsBBfFbFLj32I="
    }
  }
}
